
Microsoft Visual Studio Solution File, Format Version 12.00
# Visual Studio Version 17
VisualStudioVersion = 17.9.34723.18
MinimumVisualStudioVersion = 10.0.40219.1
Project("{2150E333-8FDC-42A3-9474-1A3956D46DE8}") = "Doc", "Doc", "{932A7428-4FCE-4D9F-BE78-494534947D51}"
EndProject
Project("{2150E333-8FDC-42A3-9474-1A3956D46DE8}") = "Solution Items", "Solution Items", "{836A1669-7A45-490A-BE4A-D26CBB3E7824}"
EndProject
Project("{2150E333-8FDC-42A3-9474-1A3956D46DE8}") = "Src", "Src", "{CA3EF715-F40B-44BA-A6C4-095B5BDFBADA}"
EndProject
Project("{2150E333-8FDC-42A3-9474-1A3956D46DE8}") = "Tests", "Tests", "{1BFBE422-866C-42FB-AA22-EC021E543788}"
EndProject
Project("{2150E333-8FDC-42A3-9474-1A3956D46DE8}") = "Commons", "Commons", "{FDED9DED-60D6-46A5-96A5-47719BBB6E4B}"
EndProject
Project("{2150E333-8FDC-42A3-9474-1A3956D46DE8}") = "Core", "Core", "{3673B1DD-974E-4DBC-A519-B2A416F430C4}"
EndProject
Project("{2150E333-8FDC-42A3-9474-1A3956D46DE8}") = "Infrastructures", "Infrastructures", "{6A71AF2F-8AD4-4683-8FDE-3419DD813A4E}"
EndProject
Project("{2150E333-8FDC-42A3-9474-1A3956D46DE8}") = "Presentation", "Presentation", "{E7B35219-5973-4AEE-BBEA-C278249157ED}"
EndProject
Project("{9A19103F-16F7-4668-BE54-9A1E7A4F7556}") = "Application", "Application\Application.csproj", "{A189B032-86E4-4651-893E-BF60B0DA7A60}"
EndProject
Project("{9A19103F-16F7-4668-BE54-9A1E7A4F7556}") = "Common", "Common\Common.csproj", "{A62D3B07-2F4F-427F-BF68-1D9CD0350BB6}"
EndProject
Project("{9A19103F-16F7-4668-BE54-9A1E7A4F7556}") = "Infrastructure", "Infrastructure\Infrastructure.csproj", "{F962E10E-1C31-496F-8DE5-9D864D3C15FA}"
EndProject
Project("{9A19103F-16F7-4668-BE54-9A1E7A4F7556}") = "Domain", "Domain\Domain.csproj", "{EFF51F00-B35B-4E95-913E-DDBA8ECB200E}"
EndProject
Project("{9A19103F-16F7-4668-BE54-9A1E7A4F7556}") = "Persistance", "Persistance\Persistance.csproj", "{6836B5ED-F30E-4295-8282-D086210C7662}"
EndProject
Project("{9A19103F-16F7-4668-BE54-9A1E7A4F7556}") = "Api.EndPoint", "Api.EndPoint\Api.EndPoint.csproj", "{D7D79346-0016-412F-BD5E-EA8B561E42FA}"
EndProject
Project("{2150E333-8FDC-42A3-9474-1A3956D46DE8}") = "Core", "Core", "{8B38C525-8AD4-496B-9C70-BFD3684D02B2}"
EndProject
Project("{2150E333-8FDC-42A3-9474-1A3956D46DE8}") = "EndPoint", "EndPoint", "{E048F810-7645-409A-8C9C-F7108D4253E0}"
EndProject
Project("{9A19103F-16F7-4668-BE54-9A1E7A4F7556}") = "Application.Test", "Application.Test\Application.Test.csproj", "{B01E1CE8-9115-4772-8A37-328C25C554DF}"
EndProject
Project("{9A19103F-16F7-4668-BE54-9A1E7A4F7556}") = "Api.EndPoint.Test", "Api.EndPoint.Test\Api.EndPoint.Test.csproj", "{8E655704-35A5-40EA-92D0-DA94640C9705}"
EndProject
Project("{9A19103F-16F7-4668-BE54-9A1E7A4F7556}") = "Admin.EndPoint", "Admin.EndPoint\Admin.EndPoint.csproj", "{30350C63-0677-466F-B6F6-C37D749AAB01}"
EndProject
Project("{FAE04EC0-301F-11D3-BF4B-00C04F79EFBC}") = "WebSite.EndPoint", "WebSite.EndPoint\WebSite.EndPoint.csproj", "{BCA81645-6E8C-4C7C-AE11-E7F4B002929D}"
EndProject
Global
	GlobalSection(SolutionConfigurationPlatforms) = preSolution
		Debug|Any CPU = Debug|Any CPU
		Release|Any CPU = Release|Any CPU
	EndGlobalSection
	GlobalSection(ProjectConfigurationPlatforms) = postSolution
		{A189B032-86E4-4651-893E-BF60B0DA7A60}.Debug|Any CPU.ActiveCfg = Debug|Any CPU
		{A189B032-86E4-4651-893E-BF60B0DA7A60}.Debug|Any CPU.Build.0 = Debug|Any CPU
		{A189B032-86E4-4651-893E-BF60B0DA7A60}.Release|Any CPU.ActiveCfg = Release|Any CPU
		{A189B032-86E4-4651-893E-BF60B0DA7A60}.Release|Any CPU.Build.0 = Release|Any CPU
		{A62D3B07-2F4F-427F-BF68-1D9CD0350BB6}.Debug|Any CPU.ActiveCfg = Debug|Any CPU
		{A62D3B07-2F4F-427F-BF68-1D9CD0350BB6}.Debug|Any CPU.Build.0 = Debug|Any CPU
		{A62D3B07-2F4F-427F-BF68-1D9CD0350BB6}.Release|Any CPU.ActiveCfg = Release|Any CPU
		{A62D3B07-2F4F-427F-BF68-1D9CD0350BB6}.Release|Any CPU.Build.0 = Release|Any CPU
		{F962E10E-1C31-496F-8DE5-9D864D3C15FA}.Debug|Any CPU.ActiveCfg = Debug|Any CPU
		{F962E10E-1C31-496F-8DE5-9D864D3C15FA}.Debug|Any CPU.Build.0 = Debug|Any CPU
		{F962E10E-1C31-496F-8DE5-9D864D3C15FA}.Release|Any CPU.ActiveCfg = Release|Any CPU
		{F962E10E-1C31-496F-8DE5-9D864D3C15FA}.Release|Any CPU.Build.0 = Release|Any CPU
		{EFF51F00-B35B-4E95-913E-DDBA8ECB200E}.Debug|Any CPU.ActiveCfg = Debug|Any CPU
		{EFF51F00-B35B-4E95-913E-DDBA8ECB200E}.Debug|Any CPU.Build.0 = Debug|Any CPU
		{EFF51F00-B35B-4E95-913E-DDBA8ECB200E}.Release|Any CPU.ActiveCfg = Release|Any CPU
		{EFF51F00-B35B-4E95-913E-DDBA8ECB200E}.Release|Any CPU.Build.0 = Release|Any CPU
		{6836B5ED-F30E-4295-8282-D086210C7662}.Debug|Any CPU.ActiveCfg = Debug|Any CPU
		{6836B5ED-F30E-4295-8282-D086210C7662}.Debug|Any CPU.Build.0 = Debug|Any CPU
		{6836B5ED-F30E-4295-8282-D086210C7662}.Release|Any CPU.ActiveCfg = Release|Any CPU
		{6836B5ED-F30E-4295-8282-D086210C7662}.Release|Any CPU.Build.0 = Release|Any CPU
		{D7D79346-0016-412F-BD5E-EA8B561E42FA}.Debug|Any CPU.ActiveCfg = Debug|Any CPU
		{D7D79346-0016-412F-BD5E-EA8B561E42FA}.Debug|Any CPU.Build.0 = Debug|Any CPU
		{D7D79346-0016-412F-BD5E-EA8B561E42FA}.Release|Any CPU.ActiveCfg = Release|Any CPU
		{D7D79346-0016-412F-BD5E-EA8B561E42FA}.Release|Any CPU.Build.0 = Release|Any CPU
		{B01E1CE8-9115-4772-8A37-328C25C554DF}.Debug|Any CPU.ActiveCfg = Debug|Any CPU
		{B01E1CE8-9115-4772-8A37-328C25C554DF}.Debug|Any CPU.Build.0 = Debug|Any CPU
		{B01E1CE8-9115-4772-8A37-328C25C554DF}.Release|Any CPU.ActiveCfg = Release|Any CPU
		{B01E1CE8-9115-4772-8A37-328C25C554DF}.Release|Any CPU.Build.0 = Release|Any CPU
		{8E655704-35A5-40EA-92D0-DA94640C9705}.Debug|Any CPU.ActiveCfg = Debug|Any CPU
		{8E655704-35A5-40EA-92D0-DA94640C9705}.Debug|Any CPU.Build.0 = Debug|Any CPU
		{8E655704-35A5-40EA-92D0-DA94640C9705}.Release|Any CPU.ActiveCfg = Release|Any CPU
		{8E655704-35A5-40EA-92D0-DA94640C9705}.Release|Any CPU.Build.0 = Release|Any CPU
		{30350C63-0677-466F-B6F6-C37D749AAB01}.Debug|Any CPU.ActiveCfg = Debug|Any CPU
		{30350C63-0677-466F-B6F6-C37D749AAB01}.Debug|Any CPU.Build.0 = Debug|Any CPU
		{30350C63-0677-466F-B6F6-C37D749AAB01}.Release|Any CPU.ActiveCfg = Release|Any CPU
		{30350C63-0677-466F-B6F6-C37D749AAB01}.Release|Any CPU.Build.0 = Release|Any CPU
		{BCA81645-6E8C-4C7C-AE11-E7F4B002929D}.Debug|Any CPU.ActiveCfg = Debug|Any CPU
		{BCA81645-6E8C-4C7C-AE11-E7F4B002929D}.Debug|Any CPU.Build.0 = Debug|Any CPU
		{BCA81645-6E8C-4C7C-AE11-E7F4B002929D}.Release|Any CPU.ActiveCfg = Release|Any CPU
		{BCA81645-6E8C-4C7C-AE11-E7F4B002929D}.Release|Any CPU.Build.0 = Release|Any CPU
	EndGlobalSection
	GlobalSection(SolutionProperties) = preSolution
		HideSolutionNode = FALSE
	EndGlobalSection
	GlobalSection(NestedProjects) = preSolution
		{FDED9DED-60D6-46A5-96A5-47719BBB6E4B} = {CA3EF715-F40B-44BA-A6C4-095B5BDFBADA}
		{3673B1DD-974E-4DBC-A519-B2A416F430C4} = {CA3EF715-F40B-44BA-A6C4-095B5BDFBADA}
		{6A71AF2F-8AD4-4683-8FDE-3419DD813A4E} = {CA3EF715-F40B-44BA-A6C4-095B5BDFBADA}
		{E7B35219-5973-4AEE-BBEA-C278249157ED} = {CA3EF715-F40B-44BA-A6C4-095B5BDFBADA}
		{A189B032-86E4-4651-893E-BF60B0DA7A60} = {3673B1DD-974E-4DBC-A519-B2A416F430C4}
		{A62D3B07-2F4F-427F-BF68-1D9CD0350BB6} = {FDED9DED-60D6-46A5-96A5-47719BBB6E4B}
		{F962E10E-1C31-496F-8DE5-9D864D3C15FA} = {6A71AF2F-8AD4-4683-8FDE-3419DD813A4E}
		{EFF51F00-B35B-4E95-913E-DDBA8ECB200E} = {3673B1DD-974E-4DBC-A519-B2A416F430C4}
		{6836B5ED-F30E-4295-8282-D086210C7662} = {6A71AF2F-8AD4-4683-8FDE-3419DD813A4E}
		{D7D79346-0016-412F-BD5E-EA8B561E42FA} = {E7B35219-5973-4AEE-BBEA-C278249157ED}
		{8B38C525-8AD4-496B-9C70-BFD3684D02B2} = {1BFBE422-866C-42FB-AA22-EC021E543788}
		{E048F810-7645-409A-8C9C-F7108D4253E0} = {1BFBE422-866C-42FB-AA22-EC021E543788}
		{B01E1CE8-9115-4772-8A37-328C25C554DF} = {8B38C525-8AD4-496B-9C70-BFD3684D02B2}
		{8E655704-35A5-40EA-92D0-DA94640C9705} = {E048F810-7645-409A-8C9C-F7108D4253E0}
		{30350C63-0677-466F-B6F6-C37D749AAB01} = {E7B35219-5973-4AEE-BBEA-C278249157ED}
		{BCA81645-6E8C-4C7C-AE11-E7F4B002929D} = {E7B35219-5973-4AEE-BBEA-C278249157ED}
	EndGlobalSection
	GlobalSection(ExtensibilityGlobals) = postSolution
		SolutionGuid = {949CAB04-750A-4F01-B87B-2A2A6AD4FA8D}
	EndGlobalSection
EndGlobal
